lockfileVersion: '9.0'

settings:
  autoInstallPeers: true
  excludeLinksFromLockfile: false

importers:

  .:
    dependencies:
      '@tanglelabs/ssimon':
        specifier: 0.8.1
        version: 0.8.1
      did-jwt:
        specifier: ^7.2.6
        version: 7.4.7
      did-jwt-vc:
        specifier: ^3.2.6
        version: 3.2.15
      did-resolver:
        specifier: ^4.1.0
        version: 4.1.0
      dids:
        specifier: ^4.0.4
        version: 4.0.4
      fix-esm-import-path:
        specifier: ^1.5.0
        version: 1.10.1
      jsonschema:
        specifier: ^1.4.1
        version: 1.4.1
      key-did-provider-ed25519:
        specifier: ^3.0.2
        version: 3.0.2
      key-did-resolver:
        specifier: ^3.0.0
        version: 3.0.0
      tweetnacl:
        specifier: ^1.0.3
        version: 1.0.3
      tweetnacl-util:
        specifier: ^0.15.1
        version: 0.15.1
    devDependencies:
      '@types/node':
        specifier: ^20.5.7
        version: 20.17.10
      ts-node:
        specifier: ^10.9.1
        version: 10.9.2(@types/node@20.17.10)(typescript@5.7.2)
      typescript:
        specifier: ^5.2.2
        version: 5.7.2

packages:

  '@cspotcode/source-map-support@0.8.1':
    resolution: {integrity: sha512-IchNf6dN4tHoMFIn/7OE8LWZ19Y6q/67Bmf6vnGREv8RSbBVb9LPJxEcnwrcwX6ixSvaiGoomAUvu4YSxXrVgw==}
    engines: {node: '>=12'}

  '@didtools/cacao@2.1.0':
    resolution: {integrity: sha512-35gopj+mOmAlA3nHoHiYMvNMXJtbJDJnVpIlCf/Wf/+/x+uG9aIQefXfF35D6JuaTCZ0apabjpT2umL5h3EXcw==}
    engines: {node: '>=14.14'}

  '@didtools/codecs@1.0.1':
    resolution: {integrity: sha512-6PYXOCX7mwVWUcudKQ3eW5LtI8v5esozazbf2q2F01PE+LoeEvTytvgU9FEspj4pATpq3hPx1eenX2uLirDJ8w==}
    engines: {node: '>=14.14'}

  '@didtools/pkh-ethereum@0.4.1':
    resolution: {integrity: sha512-oE5bbyTauJ/WddaWnDK7bWns2E2LG4Ut33ICEcEQdlMoXM0902/vnGm8+6QE/yuLOyAllgf7DnDKvERF5IY6uQ==}
    engines: {node: '>=14.14'}

  '@didtools/siwx@1.0.0':
    resolution: {integrity: sha512-b7sPDTNHdySoJ+Rp2p06x3rg1iTxI4yPTTA3PrPh40xcvFJ0K/YhdIb/Rzff13t92arcJ+VYGFhqtJorauV91g==}
    engines: {node: '>=14.14'}

  '@ipld/dag-cbor@7.0.3':
    resolution: {integrity: sha512-1VVh2huHsuohdXC1bGJNE8WR72slZ9XE2T3wbBBq31dm7ZBatmKLLxrB+XAqafxfRFjv08RZmj/W/ZqaM13AuA==}

  '@ipld/dag-cbor@9.2.2':
    resolution: {integrity: sha512-uIEOuruCqKTP50OBWwgz4Js2+LhiBQaxc57cnP71f45b1mHEAo1OCR1Zn/TbvSW/mV1x+JqhacIktkKyaYqhCw==}
    engines: {node: '>=16.0.0', npm: '>=7.0.0'}

  '@jridgewell/resolve-uri@3.1.2':
    resolution: {integrity: sha512-bRISgCIjP20/tbWSPWMEi54QVPRZExkuD9lJL+UIxUKtwVJA8wW1Trb1jMs1RFXo1CBTNZ/5hpC9QvmKWdopKw==}
    engines: {node: '>=6.0.0'}

  '@jridgewell/sourcemap-codec@1.5.0':
    resolution: {integrity: sha512-gv3ZRaISU3fjPAgNsriBRqGWQL6quFx04YMPW/zD8XMLsU32mhCCbfbO6KZFLjvYpCZ8zyDEgqsgf+PwPaM7GQ==}

  '@jridgewell/trace-mapping@0.3.9':
    resolution: {integrity: sha512-3Belt6tdc8bPgAtbcmdtNJlirVoTmEb5e2gC94PnkwEW9jI6CAHUeoG85tjWP5WquqfavoMtMwiG4P926ZKKuQ==}

  '@multiformats/base-x@4.0.1':
    resolution: {integrity: sha512-eMk0b9ReBbV23xXU693TAIrLyeO5iTgBZGSJfpqriG8UkYvr/hC9u9pyMlAakDNHWmbhMZCDs6KQO0jzKD8OTw==}

  '@noble/ciphers@0.4.1':
    resolution: {integrity: sha512-QCOA9cgf3Rc33owG0AYBB9wszz+Ul2kramWN8tXG44Gyciud/tbkEqvxRF/IpqQaBpRBNi9f4jdNxqB2CQCIXg==}

  '@noble/ciphers@0.5.3':
    resolution: {integrity: sha512-B0+6IIHiqEs3BPMT0hcRmHvEj2QHOLu+uwt+tqDDeVd0oyVzh7BPrDcPjRnV1PV/5LaknXJJQvOuRGR0zQJz+w==}

  '@noble/curves@1.7.0':
    resolution: {integrity: sha512-UTMhXK9SeDhFJVrHeUJ5uZlI6ajXg10O6Ddocf9S6GjbSBVZsJo88HzKwXznNfGpMTRDyJkqMjNDPYgf0qFWnw==}
    engines: {node: ^14.21.3 || >=16}

  '@noble/hashes@1.6.0':
    resolution: {integrity: sha512-YUULf0Uk4/mAA89w+k3+yUYh6NrEvxZa5T6SY3wlMvE2chHkxFUUIDI8/XW1QSC357iA5pSnqt7XEhvFOqmDyQ==}
    engines: {node: ^14.21.3 || >=16}

  '@noble/hashes@1.6.1':
    resolution: {integrity: sha512-pq5D8h10hHBjyqX+cfBm0i8JUXJ0UhczFc4r74zbuT9XgewFo2E3J1cOaGtdZynILNmQ685YWGzGE1Zv6io50w==}
    engines: {node: ^14.21.3 || >=16}

  '@scure/base@1.2.1':
    resolution: {integrity: sha512-DGmGtC8Tt63J5GfHgfl5CuAXh96VF/LD8K9Hr/Gv0J2lAoRGlPOMpqMpMbCTOoOJMZCk2Xt+DskdDyn6dEFdzQ==}

  '@sd-jwt/core@0.9.1':
    resolution: {integrity: sha512-LF4D6S4GCxudFJ6I8maoLzmQ1zEYNsa42W7544VPvtTnLrRJ0D2C3djSUyFLZsoW0/iSJtzQ89W4u1m2uxpreg==}
    engines: {node: '>=18'}

  '@sd-jwt/crypto-nodejs@0.9.1':
    resolution: {integrity: sha512-JVAQVTHcW6nbEwyvtdCHn79RBgeyOwxhwyDGU88n89LS4FFJIKWfg1ywZCK8LiwosIZO4SdYjlOP37fRZJ5YTg==}
    engines: {node: '>=18'}

  '@sd-jwt/decode@0.9.1':
    resolution: {integrity: sha512-pqL1I/ZhdFxfuEPtC5NsfgNoNmYNTzf2EDBrzCOh9GOKjEGlUcAJDCpbAVoQAL4Qj3sCxvzXb9V7wGYIrr43dg==}
    engines: {node: '>=18'}

  '@sd-jwt/jwt-status-list@0.9.1':
    resolution: {integrity: sha512-vdk9LKmhZWNbR3K4MFPwJ/ms04UKpDpxNt+CgTuvP++xgcdgmMj8WPiqxZznNssaPPe5XI+THgFn0w1O7gXTSg==}
    engines: {node: '>=18'}

  '@sd-jwt/present@0.9.1':
    resolution: {integrity: sha512-Ftwn1h2ytAJ7odNeekLs6JpQ/OEPnH4bG93az+6QOjtGl9/Re76kPTj6tp6SUyERFrzmVL9WoRbhaImlhRubag==}
    engines: {node: '>=18'}

  '@sd-jwt/sd-jwt-vc@0.9.1':
    resolution: {integrity: sha512-QIQzBdceJ4LH27Dkzl2XG7xRGVTySN7pLnjYw2Aka7/oAl8DHqbgg3ihCnS6g/TyTlCH+FVy2sixVWngzfr5qA==}
    engines: {node: '>=18'}

  '@sd-jwt/types@0.9.1':
    resolution: {integrity: sha512-/Ylzbpre9HQdBrRSRS3bivFdYtwkLM99Ye6gEZEMsJCb231Z1LKdzvmN35H/335ZV4cFYsT5IVM9PurEl6GoLQ==}
    engines: {node: '>=18'}

  '@sd-jwt/utils@0.9.1':
    resolution: {integrity: sha512-pQ7jf1wn4lVywlCtQGtvxk1YSYilDQnygmMfhwx5f85I2wD4IVR3Vc/QEW9Evo5LFwSf/IkeNi/WUyqoRMaq+Q==}
    engines: {node: '>=18'}

  '@sphereon/did-resolver-jwk@0.10.2-unstable.5':
    resolution: {integrity: sha512-T4+y+ClIc6rEiRw/UyUvLijJa575sJlQZpm9PIpCJocT/ZeFSHoIESb9OkKR47V9cEOn1seeZFPdxS/14Yucgw==}

  '@sphereon/ssi-types@0.9.0':
    resolution: {integrity: sha512-umCr/syNcmvMMbQ+i/r/mwjI1Qw2aFPp9AwBTvTo1ailAVaaJjJGPkkVz1K9/2NZATNdDiQ3A8yGzdVJoKh9pA==}

  '@stablelib/binary@1.0.1':
    resolution: {integrity: sha512-ClJWvmL6UBM/wjkvv/7m5VP3GMr9t0osr4yVgLZsLCOz4hGN9gIAFEqnJ0TsSMAN+n840nf2cHZnA5/KFqHC7Q==}

  '@stablelib/ed25519@1.0.3':
    resolution: {integrity: sha512-puIMWaX9QlRsbhxfDc5i+mNPMY+0TmQEskunY1rZEBPi1acBCVQAhnsk/1Hk50DGPtVsZtAWQg4NHGlVaO9Hqg==}

  '@stablelib/hash@1.0.1':
    resolution: {integrity: sha512-eTPJc/stDkdtOcrNMZ6mcMK1e6yBbqRBaNW55XA1jU8w/7QdnCF0CmMmOD1m7VSkBR44PWrMHU2l6r8YEQHMgg==}

  '@stablelib/int@1.0.1':
    resolution: {integrity: sha512-byr69X/sDtDiIjIV6m4roLVWnNNlRGzsvxw+agj8CIEazqWGOQp2dTYgQhtyVXV9wpO6WyXRQUzLV/JRNumT2w==}

  '@stablelib/random@1.0.2':
    resolution: {integrity: sha512-rIsE83Xpb7clHPVRlBj8qNe5L8ISQOzjghYQm/dZ7VaM2KHYwMW5adjQjrzTZCchFnNCNhkwtnOBa9HTMJCI8w==}

  '@stablelib/sha512@1.0.1':
    resolution: {integrity: sha512-13gl/iawHV9zvDKciLo1fQ8Bgn2Pvf7OV6amaRVKiq3pjQ3UmEpXxWiAfV8tYjUpeZroBxtyrwtdooQT/i3hzw==}

  '@stablelib/wipe@1.0.1':
    resolution: {integrity: sha512-WfqfX/eXGiAd3RJe4VU2snh/ZPwtSjLG4ynQ/vYzvghTh7dHFcI1wl+nrkWG6lGhukOxOsUHfv8dUXr58D0ayg==}

  '@tanglelabs/ssimon@0.8.1':
    resolution: {integrity: sha512-cn7Gj2emibqXVOKeSrAg8CqlwegH2CH0FuXKgAl9Eq30I/2G60GEPD3lZCMx+GDOmGyEepxLIAKFqlvf5WX6vw==}

  '@tsconfig/node10@1.0.11':
    resolution: {integrity: sha512-DcRjDCujK/kCk/cUe8Xz8ZSpm8mS3mNNpta+jGCA6USEDfktlNvm1+IuZ9eTcDbNk41BHwpHHeW+N1lKCz4zOw==}

  '@tsconfig/node12@1.0.11':
    resolution: {integrity: sha512-cqefuRsh12pWyGsIoBKJA9luFu3mRxCA+ORZvA4ktLSzIuCUtWVxGIuXigEwO5/ywWFMZ2QEGKWvkZG1zDMTag==}

  '@tsconfig/node14@1.0.3':
    resolution: {integrity: sha512-ysT8mhdixWK6Hw3i1V2AeRqZ5WfXg1G43mqoYlM2nc6388Fq5jcXyr5mRsqViLx/GJYdoL0bfXD8nmF+Zn/Iow==}

  '@tsconfig/node16@1.0.4':
    resolution: {integrity: sha512-vxhUy4J8lyeyinH7Azl1pdd43GJhZH/tP2weN8TntQblOY+A0XbT8DJk1/oCPuOOyg/Ja757rG0CgHcWC8OfMA==}

  '@types/node@20.17.10':
    resolution: {integrity: sha512-/jrvh5h6NXhEauFFexRin69nA0uHJ5gwk4iDivp/DeoEua3uwCUto6PC86IpRITBOs4+6i2I56K5x5b6WYGXHA==}

  acorn-walk@8.3.4:
    resolution: {integrity: sha512-ueEepnujpqee2o5aIYnvHU6C0A42MNdsIDeqy5BydrkuC5R1ZuUFnm27EeFJGoEHJQgn3uleRvmTXaJgfXbt4g==}
    engines: {node: '>=0.4.0'}

  acorn@8.14.0:
    resolution: {integrity: sha512-cl669nCJTZBsL97OF4kUQm5g5hC2uihk0NxY3WENAC0TYdILVkAyHymAntgxGkl7K+t0cXIrH5siy5S4XkFycA==}
    engines: {node: '>=0.4.0'}
    hasBin: true

  ajv-formats@3.0.1:
    resolution: {integrity: sha512-8iUql50EUR+uUcdRQ3HDqa6EVyo3docL8g5WJ3FNcWmu62IbkGUue/pEyLBW8VGKKucTPgqeks4fIU1DA4yowQ==}
    peerDependencies:
      ajv: ^8.0.0
    peerDependenciesMeta:
      ajv:
        optional: true

  ajv@8.17.1:
    resolution: {integrity: sha512-B/gBuNg5SiMTrPkC+A2+cW0RszwxYmn6VYxB/inlBStS5nx6xHIt/ehKRhIMhqusl7a8LjQoZnjCs5vhwxOQ1g==}

  arg@4.1.3:
    resolution: {integrity: sha512-58S9QDqG0Xx27YwPSt9fJxivjYl432YCwfDMfZ+71RAqUrZef7LrKQZ3LHLOwCS4FLNBplP533Zx895SeOCHvA==}

  base64url@3.0.1:
    resolution: {integrity: sha512-ir1UPr3dkwexU7FdV8qBBbNDRUhMmIekYMFZfi+C/sLNnRESKPl23nB9b2pltqfOQNnGzsDdId90AEtG5tCx4A==}
    engines: {node: '>=6.0.0'}

  bigint-mod-arith@3.3.1:
    resolution: {integrity: sha512-pX/cYW3dCa87Jrzv6DAr8ivbbJRzEX5yGhdt8IutnX/PCIXfpx+mabWNK/M8qqh+zQ0J3thftUBHW0ByuUlG0w==}
    engines: {node: '>=10.4.0'}

  caip@1.1.1:
    resolution: {integrity: sha512-a3v5lteUUOoyRI0U6qe5ayCCGkF2mCmJ5zQMDnOD2vRjgRg6sm9p8TsRC2h4D4beyqRN9RYniphAPnj/+jQC6g==}

  canonicalize@2.0.0:
    resolution: {integrity: sha512-ulDEYPv7asdKvqahuAY35c1selLdzDwHqugK92hfkzvlDCwXRRelDkR+Er33md/PtnpqHemgkuDPanZ4fiYZ8w==}

  cborg@1.10.2:
    resolution: {integrity: sha512-b3tFPA9pUr2zCUiCfRd2+wok2/LBSNUMKOuRRok+WlvvAgEt/PlbgPTsZUcwCOs53IJvLgTp0eotwtosE6njug==}
    hasBin: true

  cborg@4.2.7:
    resolution: {integrity: sha512-zHTUAm+HAoRLtGEQ1b28HXBm8d/5YP+7eiSKzEu/mpFkptGYaMQCHv15OiQBuyNlIgbCBXvBbZQPl3xvcZTJXg==}
    hasBin: true

  codeco@1.4.3:
    resolution: {integrity: sha512-NG2kuhCtCNVKWYEwhVb6yg1QU/hYbMUIsaJkxXGEypHQIBClAvMGQhiheEX6c4C9Dwi9L/UuzeO66Us3KrK1rA==}

  create-require@1.1.1:
    resolution: {integrity: sha512-dcKFX3jn0MpIaXjisoRvexIJVEKzaq7z2rZKxf+MSr9TkdmHmsU4m2lcLojrj/FHl8mk5VxMmYA+ftRkP/3oKQ==}

  crypto-js@4.2.0:
    resolution: {integrity: sha512-KALDyEYgpY+Rlob/iriUtjV6d5Eq+Y191A5g4UqLAi8CyGP9N1+FdVbkc1SxKc2r4YAYqG8JzO2KGL+AizD70Q==}

  dag-jose-utils@3.0.0:
    resolution: {integrity: sha512-gu+XutOTy3kD8fDcA1SMjZ2U0mUOb/hxoRVZaMCizXN7Ssbc5dKOzeXQ4GquV4BdQzs3w5Y7irOpn2plFPIJfg==}

  debug@4.4.0:
    resolution: {integrity: sha512-6WTZ/IxCY/T6BALoZHaE4ctp9xm+Z5kY/pzYaCHRFeyVhojxlrm+46y68HA6hr0TcwEssoxNiDEUJQjfPZ/RYA==}
    engines: {node: '>=6.0'}
    peerDependencies:
      supports-color: '*'
    peerDependenciesMeta:
      supports-color:
        optional: true

  did-jwt-vc@3.2.15:
    resolution: {integrity: sha512-M/WPiL34CQUiN4bvWnZ0OFHJ3usPtstfQfbNbHAWHvwjeCGi7nAdv62VXHgy2xIhJMc790hH7PsMN3i6SCGEyg==}
    engines: {node: '>=18'}

  did-jwt-vc@4.0.4:
    resolution: {integrity: sha512-O/VSW+pux25+bERGQ1Z+LNv8z8gIy++yL8yjspxNZHCLjdmCelZz3hjuIpHlixhBCFP2YyTOQqGg8QeIMRwN9Q==}
    engines: {node: '>=18'}

  did-jwt@7.4.7:
    resolution: {integrity: sha512-Apz7nIfIHSKWIMaEP5L/K8xkwByvjezjTG0xiqwKdnNj1x8M0+Yasury5Dm/KPltxi2PlGfRPf3IejRKZrT8mQ==}

  did-jwt@8.0.4:
    resolution: {integrity: sha512-KPtG7H+8GgKGMiDqFvOdNy5BBN3hpA+8xV7VygEnpst5oPIqjvcH3rTtnPF55a8bOxIzE2PudKGIXIQhekv7WA==}

  did-resolver@4.1.0:
    resolution: {integrity: sha512-S6fWHvCXkZg2IhS4RcVHxwuyVejPR7c+a4Go0xbQ9ps5kILa8viiYQgrM4gfTyeTjJ0ekgJH9gk/BawTpmkbZA==}

  dids@4.0.4:
    resolution: {integrity: sha512-PKxQP0QFqgeMe0dbL7LCRdPJVhZU2ejj8RWCfJ6vro3a+o5o32cWNM1X6YXpdIWq6G5fTJw9KO2dHj2ZzYDc7w==}
    engines: {node: '>=14.14'}

  diff@4.0.2:
    resolution: {integrity: sha512-58lmxKSA4BNyLz+HHMUzlOEpg09FV+ev6ZMe3vJihgdxzgcwZ8VoEEPmALCZG9LmqfVoNMMKpttIYTVG6uDY7A==}
    engines: {node: '>=0.3.1'}

  fast-deep-equal@3.1.3:
    resolution: {integrity: sha512-f3qQ9oQy9j2AhBe/H9VC91wLmKBCCU/gDOnKNAYG5hswO7BLKj09Hc5HYNz9cGI++xlpDCIgDaitVs03ATR84Q==}

  fast-json-stable-stringify@2.1.0:
    resolution: {integrity: sha512-lhd/wF+Lk98HZoTCtlVraHtfh5XYijIjalXck7saUtuanSDyLMxnHhSXEDJqHxD7msR8D0uCmqlkwjCV8xvwHw==}

  fast-uri@3.0.3:
    resolution: {integrity: sha512-aLrHthzCjH5He4Z2H9YZ+v6Ujb9ocRuW6ZzkJQOrTxleEijANq4v1TsaPaVG1PZcuurEzrLcWRyYBYXD5cEiaw==}

  fix-esm-import-path@1.10.1:
    resolution: {integrity: sha512-9PyPwTRujdf6UWDWMz4W1HUlPVHliD68aOC2tpRO+XvRfM1lQjJb8eo1yNVo8G9XZfYoWLPstoXxaUnnpP3TIA==}
    hasBin: true

  js-base64@3.7.7:
    resolution: {integrity: sha512-7rCnleh0z2CkXhH67J8K1Ytz0b2Y+yxTPL+/KOJoa20hfnVQ/3/T6W/KflYI4bRHRagNeXeU2bkNGI3v1oS/lw==}

  json-schema-traverse@1.0.0:
    resolution: {integrity: sha512-NM8/P9n3XjXhIZn1lLhkFaACTOURQXjWhV4BA/RnOv8xvgqtqpAX9IO4mRQxSx1Rlo4tqzeqb0sOlruaOy3dug==}

  jsonschema@1.4.1:
    resolution: {integrity: sha512-S6cATIPVv1z0IlxdN+zUk5EPjkGCdnhN4wVSBlvoUO1tOLJootbo9CquNJmbIh4yikWHiUedhRYrNPn1arpEmQ==}

  jwt-decode@3.1.2:
    resolution: {integrity: sha512-UfpWE/VZn0iP50d8cz9NrZLM9lSWhcJ+0Gt/nm4by88UL+J1SiKN8/5dkjMmbEzwL2CAe+67GsegCbIKtbp75A==}

  key-did-provider-ed25519@3.0.2:
    resolution: {integrity: sha512-4Yw0CeO1hKRaUsh9NIz4tn4Ysr09CdoJItyT0vHjd5iedJ+FvVt7pTbNr7IY0/+8mWvYslutAK5LFrwu5agpsA==}
    engines: {node: '>=14.14'}

  key-did-resolver@3.0.0:
    resolution: {integrity: sha512-IyEq64AdS6lUwtn3YSvGpu7KAGA2x5+fjRCUIa8+ccSLmWrODV/ICM5aa6hHV/19EPWef8/e322r9sQJJ6/3qA==}
    engines: {node: '>=14.14'}

  make-error@1.3.6:
    resolution: {integrity: sha512-s8UhlNe7vPKomQhC1qFelMokr/Sc3AgNbso3n74mVPA5LTZwkB9NlXf4XPamLxJE8h0gh73rM94xvwRT2CVInw==}

  ms@2.1.3:
    resolution: {integrity: sha512-6FlzubTLZG3J2a/NVCAleEhjzq5oxgHyaCU9yYXvcLsvoVaHJq/s5xXI6/XXP6tz7R9xAOtHnSO/tXtF3WRTlA==}

  multibase@4.0.6:
    resolution: {integrity: sha512-x23pDe5+svdLz/k5JPGCVdfn7Q5mZVMBETiC+ORfO+sor9Sgs0smJzAjfTbM5tckeCqnaUuMYoz+k3RXMmJClQ==}
    engines: {node: '>=12.0.0', npm: '>=6.0.0'}
    deprecated: This module has been superseded by the multiformats module

  multiformats@11.0.2:
    resolution: {integrity: sha512-b5mYMkOkARIuVZCpvijFj9a6m5wMVLC7cf/jIPd5D/ARDOfLC5+IFkbgDXQgcU2goIsTD/O9NY4DI/Mt4OGvlg==}
    engines: {node: '>=16.0.0', npm: '>=7.0.0'}

  multiformats@12.1.3:
    resolution: {integrity: sha512-eajQ/ZH7qXZQR2AgtfpmSMizQzmyYVmCql7pdhldPuYQi4atACekbJaQplk6dWyIi10jCaFnd6pqvcEFXjbaJw==}
    engines: {node: '>=16.0.0', npm: '>=7.0.0'}

  multiformats@13.3.1:
    resolution: {integrity: sha512-QxowxTNwJ3r5RMctoGA5p13w5RbRT2QDkoM+yFlqfLiioBp78nhDjnRLvmSBI9+KAqN4VdgOVWM9c0CHd86m3g==}

  multiformats@9.9.0:
    resolution: {integrity: sha512-HoMUjhH9T8DDBNT+6xzkrd9ga/XiBI4xLr58LJACwK6G3HTOPeMz4nB4KJs33L2BelrIJa7P0VuNaVF3hMYfjg==}

  nanoid@3.3.8:
    resolution: {integrity: sha512-WNLf5Sd8oZxOm+TzppcYk8gVOgP+l58xNy58D0nbUnOxOWRWvlcCV4kUF7ltmI6PsrLl/BgKEyS4mqsGChFN0w==}
    engines: {node: ^10 || ^12 || ^13.7 || ^14 || >=15.0.1}
    hasBin: true

  nist-weierstrauss@1.6.1:
    resolution: {integrity: sha512-FpjCOnPV/s3ZVIkeldCVSml2K4lruabPbBgoEitpCK1JL0KTVoWb56CFTU6rZn5i6VqAjdwcOp0FDwJACPmeFA==}

  pako@2.1.0:
    resolution: {integrity: sha512-w+eufiZ1WuJYgPXbV/PO3NCMEc3xqylkKHzp8bxp1uW4qaSNQUkwmLLEc3kKsfz8lpV1F8Ht3U1Cm+9Srog2ug==}

  require-from-string@2.0.2:
    resolution: {integrity: sha512-Xf0nWe6RseziFMu+Ap9biiUbmplq6S9/p+7w7YXP/JBHhrUDDUhwa+vANyubuqfZWTveU//DYVGsDG7RKL/vEw==}
    engines: {node: '>=0.10.0'}

  rpc-utils@0.6.2:
    resolution: {integrity: sha512-kzk1OflbBckfDBAo8JwsmtQSHzj+6hxRt5G+u8A8ZSmunBw1nhWvRkSq8j1+EvWBqBRLy1aiGLUW5644CZqQtA==}
    engines: {node: '>=14.14'}

  ts-node@10.9.2:
    resolution: {integrity: sha512-f0FFpIdcHgn8zcPSbf1dRevwt047YMnaiJM3u2w2RewrB+fob/zePZcrOyQoLMMO7aBIddLcQIEK5dYjkLnGrQ==}
    hasBin: true
    peerDependencies:
      '@swc/core': '>=1.2.50'
      '@swc/wasm': '>=1.2.50'
      '@types/node': '*'
      typescript: '>=2.7'
    peerDependenciesMeta:
      '@swc/core':
        optional: true
      '@swc/wasm':
        optional: true

  tweetnacl-util@0.15.1:
    resolution: {integrity: sha512-RKJBIj8lySrShN4w6i/BonWp2Z/uxwC3h4y7xsRrpP59ZboCd0GpEVsOnMDYLMmKBpYhb5TgHzZXy7wTfYFBRw==}

  tweetnacl@1.0.3:
    resolution: {integrity: sha512-6rt+RN7aOi1nGMyC4Xa5DdYiukl2UWCbcJft7YhxReBGQD7OAM8Pbxw6YMo4r2diNEA8FEmu32YOn9rhaiE5yw==}

  typescript@5.7.2:
    resolution: {integrity: sha512-i5t66RHxDvVN40HfDd1PsEThGNnlMCMT3jMUuoh9/0TaqWevNontacunWyN02LA9/fIbEWlcHZcgTKb9QoaLfg==}
    engines: {node: '>=14.17'}
    hasBin: true

  uint8arrays@2.1.10:
    resolution: {integrity: sha512-Q9/hhJa2836nQfEJSZTmr+pg9+cDJS9XEAp7N2Vg5MzL3bK/mkMVfjscRGYruP9jNda6MAdf4QD/y78gSzkp6A==}

  uint8arrays@3.1.1:
    resolution: {integrity: sha512-+QJa8QRnbdXVpHYjLoTpJIdCTiw9Ir62nocClWuXIq2JIh4Uta0cQsTSpFL678p2CN8B+XSApwcU+pQEqVpKWg==}

  uint8arrays@4.0.10:
    resolution: {integrity: sha512-AnJNUGGDJAgFw/eWu/Xb9zrVKEGlwJJCaeInlf3BkecE/zcTobk5YXYIPNQJO1q5Hh1QZrQQHf0JvcHqz2hqoA==}

  undici-types@6.19.8:
    resolution: {integrity: sha512-ve2KP6f/JnbPBFyobGHuerC9g1FYGn/F8n1LWTwNxCEzd6IfqTwUQcNXgEtmmQ6DlRrC1hrSrBnCZPokRrDHjw==}

  v8-compile-cache-lib@3.0.1:
    resolution: {integrity: sha512-wa7YjyUGfNZngI/vtK0UHAN+lgDCxBPCylVXGp0zu59Fz5aiGtNXaq3DhIov063MorB+VfufLh3JlF2KdTK3xg==}

  varint@6.0.0:
    resolution: {integrity: sha512-cXEIW6cfr15lFv563k4GuVuW/fiwjknytD37jIOLSdSWuOI6WnO/oKwmP2FQTU2l01LP8/M5TSAJpzUaGe3uWg==}

  yn@3.1.1:
    resolution: {integrity: sha512-Ux4ygGWsu2c7isFWe8Yu1YluJmqVhxqK2cLXNQA5AcC3QfbGNpM7fu0Y8b/z16pXLnFxZYvWhd3fhBY9DLmC6Q==}
    engines: {node: '>=6'}

snapshots:

  '@cspotcode/source-map-support@0.8.1':
    dependencies:
      '@jridgewell/trace-mapping': 0.3.9

  '@didtools/cacao@2.1.0':
    dependencies:
      '@didtools/codecs': 1.0.1
      '@didtools/siwx': 1.0.0
      '@ipld/dag-cbor': 9.2.2
      caip: 1.1.1
      multiformats: 11.0.2
      uint8arrays: 4.0.10

  '@didtools/codecs@1.0.1':
    dependencies:
      codeco: 1.4.3
      multiformats: 11.0.2
      uint8arrays: 4.0.10

  '@didtools/pkh-ethereum@0.4.1':
    dependencies:
      '@didtools/cacao': 2.1.0
      '@noble/curves': 1.7.0
      '@noble/hashes': 1.6.1
      '@stablelib/random': 1.0.2
      caip: 1.1.1

  '@didtools/siwx@1.0.0':
    dependencies:
      codeco: 1.4.3

  '@ipld/dag-cbor@7.0.3':
    dependencies:
      cborg: 1.10.2
      multiformats: 9.9.0

  '@ipld/dag-cbor@9.2.2':
    dependencies:
      cborg: 4.2.7
      multiformats: 13.3.1

  '@jridgewell/resolve-uri@3.1.2': {}

  '@jridgewell/sourcemap-codec@1.5.0': {}

  '@jridgewell/trace-mapping@0.3.9':
    dependencies:
      '@jridgewell/resolve-uri': 3.1.2
      '@jridgewell/sourcemap-codec': 1.5.0

  '@multiformats/base-x@4.0.1': {}

  '@noble/ciphers@0.4.1': {}

  '@noble/ciphers@0.5.3': {}

  '@noble/curves@1.7.0':
    dependencies:
      '@noble/hashes': 1.6.0

  '@noble/hashes@1.6.0': {}

  '@noble/hashes@1.6.1': {}

  '@scure/base@1.2.1': {}

  '@sd-jwt/core@0.9.1':
    dependencies:
      '@sd-jwt/decode': 0.9.1
      '@sd-jwt/present': 0.9.1
      '@sd-jwt/types': 0.9.1
      '@sd-jwt/utils': 0.9.1

  '@sd-jwt/crypto-nodejs@0.9.1': {}

  '@sd-jwt/decode@0.9.1':
    dependencies:
      '@sd-jwt/types': 0.9.1
      '@sd-jwt/utils': 0.9.1

  '@sd-jwt/jwt-status-list@0.9.1':
    dependencies:
      '@sd-jwt/types': 0.9.1
      base64url: 3.0.1
      pako: 2.1.0

  '@sd-jwt/present@0.9.1':
    dependencies:
      '@sd-jwt/decode': 0.9.1
      '@sd-jwt/types': 0.9.1
      '@sd-jwt/utils': 0.9.1

  '@sd-jwt/sd-jwt-vc@0.9.1':
    dependencies:
      '@sd-jwt/core': 0.9.1
      '@sd-jwt/jwt-status-list': 0.9.1
      '@sd-jwt/utils': 0.9.1
      ajv: 8.17.1
      ajv-formats: 3.0.1(ajv@8.17.1)

  '@sd-jwt/types@0.9.1': {}

  '@sd-jwt/utils@0.9.1':
    dependencies:
      '@sd-jwt/types': 0.9.1
      js-base64: 3.7.7

  '@sphereon/did-resolver-jwk@0.10.2-unstable.5':
    dependencies:
      '@sphereon/ssi-types': 0.9.0
      base64url: 3.0.1
      debug: 4.4.0
      did-resolver: 4.1.0
      uint8arrays: 3.1.1
    transitivePeerDependencies:
      - supports-color

  '@sphereon/ssi-types@0.9.0':
    dependencies:
      jwt-decode: 3.1.2

  '@stablelib/binary@1.0.1':
    dependencies:
      '@stablelib/int': 1.0.1

  '@stablelib/ed25519@1.0.3':
    dependencies:
      '@stablelib/random': 1.0.2
      '@stablelib/sha512': 1.0.1
      '@stablelib/wipe': 1.0.1

  '@stablelib/hash@1.0.1': {}

  '@stablelib/int@1.0.1': {}

  '@stablelib/random@1.0.2':
    dependencies:
      '@stablelib/binary': 1.0.1
      '@stablelib/wipe': 1.0.1

  '@stablelib/sha512@1.0.1':
    dependencies:
      '@stablelib/binary': 1.0.1
      '@stablelib/hash': 1.0.1
      '@stablelib/wipe': 1.0.1

  '@stablelib/wipe@1.0.1': {}

  '@tanglelabs/ssimon@0.8.1':
    dependencies:
      '@sd-jwt/crypto-nodejs': 0.9.1
      '@sd-jwt/sd-jwt-vc': 0.9.1
      '@sd-jwt/types': 0.9.1
      '@sphereon/did-resolver-jwk': 0.10.2-unstable.5
      crypto-js: 4.2.0
      did-jwt: 8.0.4
      did-jwt-vc: 4.0.4
      did-resolver: 4.1.0
      jsonschema: 1.4.1
    transitivePeerDependencies:
      - supports-color

  '@tsconfig/node10@1.0.11': {}

  '@tsconfig/node12@1.0.11': {}

  '@tsconfig/node14@1.0.3': {}

  '@tsconfig/node16@1.0.4': {}

  '@types/node@20.17.10':
    dependencies:
      undici-types: 6.19.8

  acorn-walk@8.3.4:
    dependencies:
      acorn: 8.14.0

  acorn@8.14.0: {}

  ajv-formats@3.0.1(ajv@8.17.1):
    optionalDependencies:
      ajv: 8.17.1

  ajv@8.17.1:
    dependencies:
      fast-deep-equal: 3.1.3
      fast-uri: 3.0.3
      json-schema-traverse: 1.0.0
      require-from-string: 2.0.2

  arg@4.1.3: {}

  base64url@3.0.1: {}

  bigint-mod-arith@3.3.1: {}

  caip@1.1.1: {}

  canonicalize@2.0.0: {}

  cborg@1.10.2: {}

  cborg@4.2.7: {}

  codeco@1.4.3: {}

  create-require@1.1.1: {}

  crypto-js@4.2.0: {}

  dag-jose-utils@3.0.0:
    dependencies:
      '@ipld/dag-cbor': 7.0.3
      multiformats: 11.0.2

  debug@4.4.0:
    dependencies:
      ms: 2.1.3

  did-jwt-vc@3.2.15:
    dependencies:
      did-jwt: 7.4.7
      did-resolver: 4.1.0

  did-jwt-vc@4.0.4:
    dependencies:
      did-jwt: 8.0.4
      did-resolver: 4.1.0

  did-jwt@7.4.7:
    dependencies:
      '@noble/ciphers': 0.4.1
      '@noble/curves': 1.7.0
      '@noble/hashes': 1.6.1
      '@scure/base': 1.2.1
      canonicalize: 2.0.0
      did-resolver: 4.1.0
      multibase: 4.0.6
      multiformats: 9.9.0
      uint8arrays: 3.1.1

  did-jwt@8.0.4:
    dependencies:
      '@noble/ciphers': 0.5.3
      '@noble/curves': 1.7.0
      '@noble/hashes': 1.6.1
      '@scure/base': 1.2.1
      canonicalize: 2.0.0
      did-resolver: 4.1.0
      multibase: 4.0.6
      multiformats: 9.9.0
      uint8arrays: 3.1.1

  did-resolver@4.1.0: {}

  dids@4.0.4:
    dependencies:
      '@didtools/cacao': 2.1.0
      '@didtools/codecs': 1.0.1
      '@didtools/pkh-ethereum': 0.4.1
      '@stablelib/random': 1.0.2
      codeco: 1.4.3
      dag-jose-utils: 3.0.0
      did-jwt: 7.4.7
      did-resolver: 4.1.0
      multiformats: 11.0.2
      rpc-utils: 0.6.2
      uint8arrays: 4.0.10

  diff@4.0.2: {}

  fast-deep-equal@3.1.3: {}

  fast-json-stable-stringify@2.1.0: {}

  fast-uri@3.0.3: {}

  fix-esm-import-path@1.10.1:
    dependencies:
      debug: 4.4.0
    transitivePeerDependencies:
      - supports-color

  js-base64@3.7.7: {}

  json-schema-traverse@1.0.0: {}

  jsonschema@1.4.1: {}

  jwt-decode@3.1.2: {}

  key-did-provider-ed25519@3.0.2:
    dependencies:
      '@noble/curves': 1.7.0
      did-jwt: 7.4.7
      dids: 4.0.4
      fast-json-stable-stringify: 2.1.0
      rpc-utils: 0.6.2
      uint8arrays: 4.0.10

  key-did-resolver@3.0.0:
    dependencies:
      '@stablelib/ed25519': 1.0.3
      bigint-mod-arith: 3.3.1
      multiformats: 11.0.2
      nist-weierstrauss: 1.6.1
      uint8arrays: 4.0.10
      varint: 6.0.0

  make-error@1.3.6: {}

  ms@2.1.3: {}

  multibase@4.0.6:
    dependencies:
      '@multiformats/base-x': 4.0.1

  multiformats@11.0.2: {}

  multiformats@12.1.3: {}

  multiformats@13.3.1: {}

  multiformats@9.9.0: {}

  nanoid@3.3.8: {}

  nist-weierstrauss@1.6.1:
    dependencies:
      multiformats: 9.9.0
      uint8arrays: 2.1.10

  pako@2.1.0: {}

  require-from-string@2.0.2: {}

  rpc-utils@0.6.2:
    dependencies:
      nanoid: 3.3.8

  ts-node@10.9.2(@types/node@20.17.10)(typescript@5.7.2):
    dependencies:
      '@cspotcode/source-map-support': 0.8.1
      '@tsconfig/node10': 1.0.11
      '@tsconfig/node12': 1.0.11
      '@tsconfig/node14': 1.0.3
      '@tsconfig/node16': 1.0.4
      '@types/node': 20.17.10
      acorn: 8.14.0
      acorn-walk: 8.3.4
      arg: 4.1.3
      create-require: 1.1.1
      diff: 4.0.2
      make-error: 1.3.6
      typescript: 5.7.2
      v8-compile-cache-lib: 3.0.1
      yn: 3.1.1

  tweetnacl-util@0.15.1: {}

  tweetnacl@1.0.3: {}

  typescript@5.7.2: {}

  uint8arrays@2.1.10:
    dependencies:
      multiformats: 9.9.0

  uint8arrays@3.1.1:
    dependencies:
      multiformats: 9.9.0

  uint8arrays@4.0.10:
    dependencies:
      multiformats: 12.1.3

  undici-types@6.19.8: {}

  v8-compile-cache-lib@3.0.1: {}

  varint@6.0.0: {}

  yn@3.1.1: {}
