lockfileVersion: '6.0'

settings:
  autoInstallPeers: true
  excludeLinksFromLockfile: false

dependencies:
  '@tanglelabs/ssimon':
    specifier: ^0.7.0
    version: 0.7.0
  did-jwt:
    specifier: ^7.2.6
    version: 7.4.7
  did-jwt-vc:
    specifier: ^3.2.6
    version: 3.2.15
  did-resolver:
    specifier: ^4.1.0
    version: 4.1.0
  dids:
    specifier: ^4.0.4
    version: 4.0.4
  fix-esm-import-path:
    specifier: ^1.5.0
    version: 1.5.0
  jsonschema:
    specifier: ^1.4.1
    version: 1.4.1
  key-did-provider-ed25519:
    specifier: ^3.0.2
    version: 3.0.2
  key-did-resolver:
    specifier: ^3.0.0
    version: 3.0.0
  tweetnacl:
    specifier: ^1.0.3
    version: 1.0.3
  tweetnacl-util:
    specifier: ^0.15.1
    version: 0.15.1

devDependencies:
  '@types/node':
    specifier: ^20.5.7
    version: 20.12.5
  ts-node:
    specifier: ^10.9.1
    version: 10.9.2(@types/node@20.12.5)(typescript@5.4.4)
  typescript:
    specifier: ^5.2.2
    version: 5.4.4

packages:

  /@cspotcode/source-map-support@0.8.1:
    resolution: {integrity: sha512-IchNf6dN4tHoMFIn/7OE8LWZ19Y6q/67Bmf6vnGREv8RSbBVb9LPJxEcnwrcwX6ixSvaiGoomAUvu4YSxXrVgw==}
    engines: {node: '>=12'}
    dependencies:
      '@jridgewell/trace-mapping': 0.3.9
    dev: true

  /@didtools/cacao@2.1.0:
    resolution: {integrity: sha512-35gopj+mOmAlA3nHoHiYMvNMXJtbJDJnVpIlCf/Wf/+/x+uG9aIQefXfF35D6JuaTCZ0apabjpT2umL5h3EXcw==}
    engines: {node: '>=14.14'}
    dependencies:
      '@didtools/codecs': 1.0.1
      '@didtools/siwx': 1.0.0
      '@ipld/dag-cbor': 9.2.0
      caip: 1.1.1
      multiformats: 11.0.2
      uint8arrays: 4.0.10
    dev: false

  /@didtools/codecs@1.0.1:
    resolution: {integrity: sha512-6PYXOCX7mwVWUcudKQ3eW5LtI8v5esozazbf2q2F01PE+LoeEvTytvgU9FEspj4pATpq3hPx1eenX2uLirDJ8w==}
    engines: {node: '>=14.14'}
    dependencies:
      codeco: 1.2.1
      multiformats: 11.0.2
      uint8arrays: 4.0.10
    dev: false

  /@didtools/pkh-ethereum@0.4.1:
    resolution: {integrity: sha512-oE5bbyTauJ/WddaWnDK7bWns2E2LG4Ut33ICEcEQdlMoXM0902/vnGm8+6QE/yuLOyAllgf7DnDKvERF5IY6uQ==}
    engines: {node: '>=14.14'}
    dependencies:
      '@didtools/cacao': 2.1.0
      '@noble/curves': 1.4.0
      '@noble/hashes': 1.4.0
      '@stablelib/random': 1.0.2
      caip: 1.1.1
    dev: false

  /@didtools/siwx@1.0.0:
    resolution: {integrity: sha512-b7sPDTNHdySoJ+Rp2p06x3rg1iTxI4yPTTA3PrPh40xcvFJ0K/YhdIb/Rzff13t92arcJ+VYGFhqtJorauV91g==}
    engines: {node: '>=14.14'}
    dependencies:
      codeco: 1.2.1
    dev: false

  /@ipld/dag-cbor@7.0.3:
    resolution: {integrity: sha512-1VVh2huHsuohdXC1bGJNE8WR72slZ9XE2T3wbBBq31dm7ZBatmKLLxrB+XAqafxfRFjv08RZmj/W/ZqaM13AuA==}
    dependencies:
      cborg: 1.10.2
      multiformats: 9.9.0
    dev: false

  /@ipld/dag-cbor@9.2.0:
    resolution: {integrity: sha512-N14oMy0q4gM6OuZkIpisKe0JBSjf1Jb39VI+7jMLiWX9124u1Z3Fdj/Tag1NA0cVxxqWDh0CqsjcVfOKtelPDA==}
    engines: {node: '>=16.0.0', npm: '>=7.0.0'}
    dependencies:
      cborg: 4.2.0
      multiformats: 13.1.0
    dev: false

  /@jridgewell/resolve-uri@3.1.2:
    resolution: {integrity: sha512-bRISgCIjP20/tbWSPWMEi54QVPRZExkuD9lJL+UIxUKtwVJA8wW1Trb1jMs1RFXo1CBTNZ/5hpC9QvmKWdopKw==}
    engines: {node: '>=6.0.0'}
    dev: true

  /@jridgewell/sourcemap-codec@1.4.15:
    resolution: {integrity: sha512-eF2rxCRulEKXHTRiDrDy6erMYWqNw4LPdQ8UQA4huuxaQsVeRPFl2oM8oDGxMFhJUWZf9McpLtJasDDZb/Bpeg==}
    dev: true

  /@jridgewell/trace-mapping@0.3.9:
    resolution: {integrity: sha512-3Belt6tdc8bPgAtbcmdtNJlirVoTmEb5e2gC94PnkwEW9jI6CAHUeoG85tjWP5WquqfavoMtMwiG4P926ZKKuQ==}
    dependencies:
      '@jridgewell/resolve-uri': 3.1.2
      '@jridgewell/sourcemap-codec': 1.4.15
    dev: true

  /@multiformats/base-x@4.0.1:
    resolution: {integrity: sha512-eMk0b9ReBbV23xXU693TAIrLyeO5iTgBZGSJfpqriG8UkYvr/hC9u9pyMlAakDNHWmbhMZCDs6KQO0jzKD8OTw==}
    dev: false

  /@noble/ciphers@0.4.1:
    resolution: {integrity: sha512-QCOA9cgf3Rc33owG0AYBB9wszz+Ul2kramWN8tXG44Gyciud/tbkEqvxRF/IpqQaBpRBNi9f4jdNxqB2CQCIXg==}
    dev: false

  /@noble/curves@1.4.0:
    resolution: {integrity: sha512-p+4cb332SFCrReJkCYe8Xzm0OWi4Jji5jVdIZRL/PmacmDkFNw6MrrV+gGpiPxLHbV+zKFRywUWbaseT+tZRXg==}
    dependencies:
      '@noble/hashes': 1.4.0
    dev: false

  /@noble/hashes@1.4.0:
    resolution: {integrity: sha512-V1JJ1WTRUqHHrOSh597hURcMqVKVGL/ea3kv0gSnEdsEZ0/+VyPghM1lMNGc00z7CIQorSvbKpuJkxvuHbvdbg==}
    engines: {node: '>= 16'}
    dev: false

  /@scure/base@1.1.6:
    resolution: {integrity: sha512-ok9AWwhcgYuGG3Zfhyqg+zwl+Wn5uE+dwC0NV/2qQkx4dABbb/bx96vWu8NSj+BNjjSjno+JRYRjle1jV08k3g==}
    dev: false

  /@stablelib/binary@1.0.1:
    resolution: {integrity: sha512-ClJWvmL6UBM/wjkvv/7m5VP3GMr9t0osr4yVgLZsLCOz4hGN9gIAFEqnJ0TsSMAN+n840nf2cHZnA5/KFqHC7Q==}
    dependencies:
      '@stablelib/int': 1.0.1
    dev: false

  /@stablelib/ed25519@1.0.3:
    resolution: {integrity: sha512-puIMWaX9QlRsbhxfDc5i+mNPMY+0TmQEskunY1rZEBPi1acBCVQAhnsk/1Hk50DGPtVsZtAWQg4NHGlVaO9Hqg==}
    dependencies:
      '@stablelib/random': 1.0.2
      '@stablelib/sha512': 1.0.1
      '@stablelib/wipe': 1.0.1
    dev: false

  /@stablelib/hash@1.0.1:
    resolution: {integrity: sha512-eTPJc/stDkdtOcrNMZ6mcMK1e6yBbqRBaNW55XA1jU8w/7QdnCF0CmMmOD1m7VSkBR44PWrMHU2l6r8YEQHMgg==}
    dev: false

  /@stablelib/int@1.0.1:
    resolution: {integrity: sha512-byr69X/sDtDiIjIV6m4roLVWnNNlRGzsvxw+agj8CIEazqWGOQp2dTYgQhtyVXV9wpO6WyXRQUzLV/JRNumT2w==}
    dev: false

  /@stablelib/random@1.0.2:
    resolution: {integrity: sha512-rIsE83Xpb7clHPVRlBj8qNe5L8ISQOzjghYQm/dZ7VaM2KHYwMW5adjQjrzTZCchFnNCNhkwtnOBa9HTMJCI8w==}
    dependencies:
      '@stablelib/binary': 1.0.1
      '@stablelib/wipe': 1.0.1
    dev: false

  /@stablelib/sha512@1.0.1:
    resolution: {integrity: sha512-13gl/iawHV9zvDKciLo1fQ8Bgn2Pvf7OV6amaRVKiq3pjQ3UmEpXxWiAfV8tYjUpeZroBxtyrwtdooQT/i3hzw==}
    dependencies:
      '@stablelib/binary': 1.0.1
      '@stablelib/hash': 1.0.1
      '@stablelib/wipe': 1.0.1
    dev: false

  /@stablelib/wipe@1.0.1:
    resolution: {integrity: sha512-WfqfX/eXGiAd3RJe4VU2snh/ZPwtSjLG4ynQ/vYzvghTh7dHFcI1wl+nrkWG6lGhukOxOsUHfv8dUXr58D0ayg==}
    dev: false

  /@tanglelabs/ssimon@0.7.0:
    resolution: {integrity: sha512-MzMMjRJ8SyZyR4RTfIkzr9v6g7kSlodHadJC4fqAYyjP+WZ5ICsOd2wdT/TD57Ysj/jYjH6vVsS4b8pk61Pnow==}
    dependencies:
      crypto-js: 4.2.0
    dev: false

  /@tsconfig/node10@1.0.11:
    resolution: {integrity: sha512-DcRjDCujK/kCk/cUe8Xz8ZSpm8mS3mNNpta+jGCA6USEDfktlNvm1+IuZ9eTcDbNk41BHwpHHeW+N1lKCz4zOw==}
    dev: true

  /@tsconfig/node12@1.0.11:
    resolution: {integrity: sha512-cqefuRsh12pWyGsIoBKJA9luFu3mRxCA+ORZvA4ktLSzIuCUtWVxGIuXigEwO5/ywWFMZ2QEGKWvkZG1zDMTag==}
    dev: true

  /@tsconfig/node14@1.0.3:
    resolution: {integrity: sha512-ysT8mhdixWK6Hw3i1V2AeRqZ5WfXg1G43mqoYlM2nc6388Fq5jcXyr5mRsqViLx/GJYdoL0bfXD8nmF+Zn/Iow==}
    dev: true

  /@tsconfig/node16@1.0.4:
    resolution: {integrity: sha512-vxhUy4J8lyeyinH7Azl1pdd43GJhZH/tP2weN8TntQblOY+A0XbT8DJk1/oCPuOOyg/Ja757rG0CgHcWC8OfMA==}
    dev: true

  /@types/node@20.12.5:
    resolution: {integrity: sha512-BD+BjQ9LS/D8ST9p5uqBxghlN+S42iuNxjsUGjeZobe/ciXzk2qb1B6IXc6AnRLS+yFJRpN2IPEHMzwspfDJNw==}
    dependencies:
      undici-types: 5.26.5
    dev: true

  /acorn-walk@8.3.2:
    resolution: {integrity: sha512-cjkyv4OtNCIeqhHrfS81QWXoCBPExR/J62oyEqepVw8WaQeSqpW2uhuLPh1m9eWhDuOo/jUXVTlifvesOWp/4A==}
    engines: {node: '>=0.4.0'}
    dev: true

  /acorn@8.11.3:
    resolution: {integrity: sha512-Y9rRfJG5jcKOE0CLisYbojUjIrIEE7AGMzA/Sm4BslANhbS+cDMpgBdcPT91oJ7OuJ9hYJBx59RjbhxVnrF8Xg==}
    engines: {node: '>=0.4.0'}
    hasBin: true
    dev: true

  /arg@4.1.3:
    resolution: {integrity: sha512-58S9QDqG0Xx27YwPSt9fJxivjYl432YCwfDMfZ+71RAqUrZef7LrKQZ3LHLOwCS4FLNBplP533Zx895SeOCHvA==}
    dev: true

  /bigint-mod-arith@3.3.1:
    resolution: {integrity: sha512-pX/cYW3dCa87Jrzv6DAr8ivbbJRzEX5yGhdt8IutnX/PCIXfpx+mabWNK/M8qqh+zQ0J3thftUBHW0ByuUlG0w==}
    engines: {node: '>=10.4.0'}
    dev: false

  /caip@1.1.1:
    resolution: {integrity: sha512-a3v5lteUUOoyRI0U6qe5ayCCGkF2mCmJ5zQMDnOD2vRjgRg6sm9p8TsRC2h4D4beyqRN9RYniphAPnj/+jQC6g==}
    dev: false

  /canonicalize@2.0.0:
    resolution: {integrity: sha512-ulDEYPv7asdKvqahuAY35c1selLdzDwHqugK92hfkzvlDCwXRRelDkR+Er33md/PtnpqHemgkuDPanZ4fiYZ8w==}
    dev: false

  /cborg@1.10.2:
    resolution: {integrity: sha512-b3tFPA9pUr2zCUiCfRd2+wok2/LBSNUMKOuRRok+WlvvAgEt/PlbgPTsZUcwCOs53IJvLgTp0eotwtosE6njug==}
    hasBin: true
    dev: false

  /cborg@4.2.0:
    resolution: {integrity: sha512-q6cFW5m3KxfP/9xGI3yGLaC1l5DP6DWM9IvjiJojnIwohL5CQDl02EXViPV852mOfQo+7PJGPN01MI87vFGzyA==}
    hasBin: true
    dev: false

  /codeco@1.2.1:
    resolution: {integrity: sha512-jJHt2yEpV2p/pY1qQ0JZUScjWCqvZgE8SBYqzAEXo+DrpFB2BFs9RJp67GP2syg0+cMJ8DK14KOJZhFhhvH1nQ==}
    dev: false

  /create-require@1.1.1:
    resolution: {integrity: sha512-dcKFX3jn0MpIaXjisoRvexIJVEKzaq7z2rZKxf+MSr9TkdmHmsU4m2lcLojrj/FHl8mk5VxMmYA+ftRkP/3oKQ==}
    dev: true

  /crypto-js@4.2.0:
    resolution: {integrity: sha512-KALDyEYgpY+Rlob/iriUtjV6d5Eq+Y191A5g4UqLAi8CyGP9N1+FdVbkc1SxKc2r4YAYqG8JzO2KGL+AizD70Q==}
    dev: false

  /dag-jose-utils@3.0.0:
    resolution: {integrity: sha512-gu+XutOTy3kD8fDcA1SMjZ2U0mUOb/hxoRVZaMCizXN7Ssbc5dKOzeXQ4GquV4BdQzs3w5Y7irOpn2plFPIJfg==}
    dependencies:
      '@ipld/dag-cbor': 7.0.3
      multiformats: 11.0.2
    dev: false

  /debug@4.3.4:
    resolution: {integrity: sha512-PRWFHuSU3eDtQJPvnNY7Jcket1j0t5OuOsFzPPzsekD52Zl8qUfFIPEiswXqIvHWGVHOgX+7G/vCNNhehwxfkQ==}
    engines: {node: '>=6.0'}
    peerDependencies:
      supports-color: '*'
    peerDependenciesMeta:
      supports-color:
        optional: true
    dependencies:
      ms: 2.1.2
    dev: false

  /did-jwt-vc@3.2.15:
    resolution: {integrity: sha512-M/WPiL34CQUiN4bvWnZ0OFHJ3usPtstfQfbNbHAWHvwjeCGi7nAdv62VXHgy2xIhJMc790hH7PsMN3i6SCGEyg==}
    engines: {node: '>=18'}
    dependencies:
      did-jwt: 7.4.7
      did-resolver: 4.1.0
    dev: false

  /did-jwt@7.4.7:
    resolution: {integrity: sha512-Apz7nIfIHSKWIMaEP5L/K8xkwByvjezjTG0xiqwKdnNj1x8M0+Yasury5Dm/KPltxi2PlGfRPf3IejRKZrT8mQ==}
    dependencies:
      '@noble/ciphers': 0.4.1
      '@noble/curves': 1.4.0
      '@noble/hashes': 1.4.0
      '@scure/base': 1.1.6
      canonicalize: 2.0.0
      did-resolver: 4.1.0
      multibase: 4.0.6
      multiformats: 9.9.0
      uint8arrays: 3.1.1
    dev: false

  /did-resolver@4.1.0:
    resolution: {integrity: sha512-S6fWHvCXkZg2IhS4RcVHxwuyVejPR7c+a4Go0xbQ9ps5kILa8viiYQgrM4gfTyeTjJ0ekgJH9gk/BawTpmkbZA==}
    dev: false

  /dids@4.0.4:
    resolution: {integrity: sha512-PKxQP0QFqgeMe0dbL7LCRdPJVhZU2ejj8RWCfJ6vro3a+o5o32cWNM1X6YXpdIWq6G5fTJw9KO2dHj2ZzYDc7w==}
    engines: {node: '>=14.14'}
    dependencies:
      '@didtools/cacao': 2.1.0
      '@didtools/codecs': 1.0.1
      '@didtools/pkh-ethereum': 0.4.1
      '@stablelib/random': 1.0.2
      codeco: 1.2.1
      dag-jose-utils: 3.0.0
      did-jwt: 7.4.7
      did-resolver: 4.1.0
      multiformats: 11.0.2
      rpc-utils: 0.6.2
      uint8arrays: 4.0.10
    dev: false

  /diff@4.0.2:
    resolution: {integrity: sha512-58lmxKSA4BNyLz+HHMUzlOEpg09FV+ev6ZMe3vJihgdxzgcwZ8VoEEPmALCZG9LmqfVoNMMKpttIYTVG6uDY7A==}
    engines: {node: '>=0.3.1'}
    dev: true

  /fast-json-stable-stringify@2.1.0:
    resolution: {integrity: sha512-lhd/wF+Lk98HZoTCtlVraHtfh5XYijIjalXck7saUtuanSDyLMxnHhSXEDJqHxD7msR8D0uCmqlkwjCV8xvwHw==}
    dev: false

  /fix-esm-import-path@1.5.0:
    resolution: {integrity: sha512-GZRlEDW2rRfz1bQrEMrGhkEfnkfgH1ryBYV2WJGDFhj7KH3C7iwUWuja3Q+tO4ungBmufLHPPGI3VINCqgQDdw==}
    hasBin: true
    dependencies:
      debug: 4.3.4
    transitivePeerDependencies:
      - supports-color
    dev: false

  /jsonschema@1.4.1:
    resolution: {integrity: sha512-S6cATIPVv1z0IlxdN+zUk5EPjkGCdnhN4wVSBlvoUO1tOLJootbo9CquNJmbIh4yikWHiUedhRYrNPn1arpEmQ==}
    dev: false

  /key-did-provider-ed25519@3.0.2:
    resolution: {integrity: sha512-4Yw0CeO1hKRaUsh9NIz4tn4Ysr09CdoJItyT0vHjd5iedJ+FvVt7pTbNr7IY0/+8mWvYslutAK5LFrwu5agpsA==}
    engines: {node: '>=14.14'}
    dependencies:
      '@noble/curves': 1.4.0
      did-jwt: 7.4.7
      dids: 4.0.4
      fast-json-stable-stringify: 2.1.0
      rpc-utils: 0.6.2
      uint8arrays: 4.0.10
    dev: false

  /key-did-resolver@3.0.0:
    resolution: {integrity: sha512-IyEq64AdS6lUwtn3YSvGpu7KAGA2x5+fjRCUIa8+ccSLmWrODV/ICM5aa6hHV/19EPWef8/e322r9sQJJ6/3qA==}
    engines: {node: '>=14.14'}
    dependencies:
      '@stablelib/ed25519': 1.0.3
      bigint-mod-arith: 3.3.1
      multiformats: 11.0.2
      nist-weierstrauss: 1.6.1
      uint8arrays: 4.0.10
      varint: 6.0.0
    dev: false

  /make-error@1.3.6:
    resolution: {integrity: sha512-s8UhlNe7vPKomQhC1qFelMokr/Sc3AgNbso3n74mVPA5LTZwkB9NlXf4XPamLxJE8h0gh73rM94xvwRT2CVInw==}
    dev: true

  /ms@2.1.2:
    resolution: {integrity: sha512-sGkPx+VjMtmA6MX27oA4FBFELFCZZ4S4XqeGOXCv68tT+jb3vk/RyaKWP0PTKyWtmLSM0b+adUTEvbs1PEaH2w==}
    dev: false

  /multibase@4.0.6:
    resolution: {integrity: sha512-x23pDe5+svdLz/k5JPGCVdfn7Q5mZVMBETiC+ORfO+sor9Sgs0smJzAjfTbM5tckeCqnaUuMYoz+k3RXMmJClQ==}
    engines: {node: '>=12.0.0', npm: '>=6.0.0'}
    deprecated: This module has been superseded by the multiformats module
    dependencies:
      '@multiformats/base-x': 4.0.1
    dev: false

  /multiformats@11.0.2:
    resolution: {integrity: sha512-b5mYMkOkARIuVZCpvijFj9a6m5wMVLC7cf/jIPd5D/ARDOfLC5+IFkbgDXQgcU2goIsTD/O9NY4DI/Mt4OGvlg==}
    engines: {node: '>=16.0.0', npm: '>=7.0.0'}
    dev: false

  /multiformats@12.1.3:
    resolution: {integrity: sha512-eajQ/ZH7qXZQR2AgtfpmSMizQzmyYVmCql7pdhldPuYQi4atACekbJaQplk6dWyIi10jCaFnd6pqvcEFXjbaJw==}
    engines: {node: '>=16.0.0', npm: '>=7.0.0'}
    dev: false

  /multiformats@13.1.0:
    resolution: {integrity: sha512-HzdtdBwxsIkzpeXzhQ5mAhhuxcHbjEHH+JQoxt7hG/2HGFjjwyolLo7hbaexcnhoEuV4e0TNJ8kkpMjiEYY4VQ==}
    dev: false

  /multiformats@9.9.0:
    resolution: {integrity: sha512-HoMUjhH9T8DDBNT+6xzkrd9ga/XiBI4xLr58LJACwK6G3HTOPeMz4nB4KJs33L2BelrIJa7P0VuNaVF3hMYfjg==}
    dev: false

  /nanoid@3.3.7:
    resolution: {integrity: sha512-eSRppjcPIatRIMC1U6UngP8XFcz8MQWGQdt1MTBQ7NaAmvXDfvNxbvWV3x2y6CdEUciCSsDHDQZbhYaB8QEo2g==}
    engines: {node: ^10 || ^12 || ^13.7 || ^14 || >=15.0.1}
    hasBin: true
    dev: false

  /nist-weierstrauss@1.6.1:
    resolution: {integrity: sha512-FpjCOnPV/s3ZVIkeldCVSml2K4lruabPbBgoEitpCK1JL0KTVoWb56CFTU6rZn5i6VqAjdwcOp0FDwJACPmeFA==}
    dependencies:
      multiformats: 9.9.0
      uint8arrays: 2.1.10
    dev: false

  /rpc-utils@0.6.2:
    resolution: {integrity: sha512-kzk1OflbBckfDBAo8JwsmtQSHzj+6hxRt5G+u8A8ZSmunBw1nhWvRkSq8j1+EvWBqBRLy1aiGLUW5644CZqQtA==}
    engines: {node: '>=14.14'}
    dependencies:
      nanoid: 3.3.7
    dev: false

  /ts-node@10.9.2(@types/node@20.12.5)(typescript@5.4.4):
    resolution: {integrity: sha512-f0FFpIdcHgn8zcPSbf1dRevwt047YMnaiJM3u2w2RewrB+fob/zePZcrOyQoLMMO7aBIddLcQIEK5dYjkLnGrQ==}
    hasBin: true
    peerDependencies:
      '@swc/core': '>=1.2.50'
      '@swc/wasm': '>=1.2.50'
      '@types/node': '*'
      typescript: '>=2.7'
    peerDependenciesMeta:
      '@swc/core':
        optional: true
      '@swc/wasm':
        optional: true
    dependencies:
      '@cspotcode/source-map-support': 0.8.1
      '@tsconfig/node10': 1.0.11
      '@tsconfig/node12': 1.0.11
      '@tsconfig/node14': 1.0.3
      '@tsconfig/node16': 1.0.4
      '@types/node': 20.12.5
      acorn: 8.11.3
      acorn-walk: 8.3.2
      arg: 4.1.3
      create-require: 1.1.1
      diff: 4.0.2
      make-error: 1.3.6
      typescript: 5.4.4
      v8-compile-cache-lib: 3.0.1
      yn: 3.1.1
    dev: true

  /tweetnacl-util@0.15.1:
    resolution: {integrity: sha512-RKJBIj8lySrShN4w6i/BonWp2Z/uxwC3h4y7xsRrpP59ZboCd0GpEVsOnMDYLMmKBpYhb5TgHzZXy7wTfYFBRw==}
    dev: false

  /tweetnacl@1.0.3:
    resolution: {integrity: sha512-6rt+RN7aOi1nGMyC4Xa5DdYiukl2UWCbcJft7YhxReBGQD7OAM8Pbxw6YMo4r2diNEA8FEmu32YOn9rhaiE5yw==}
    dev: false

  /typescript@5.4.4:
    resolution: {integrity: sha512-dGE2Vv8cpVvw28v8HCPqyb08EzbBURxDpuhJvTrusShUfGnhHBafDsLdS1EhhxyL6BJQE+2cT3dDPAv+MQ6oLw==}
    engines: {node: '>=14.17'}
    hasBin: true
    dev: true

  /uint8arrays@2.1.10:
    resolution: {integrity: sha512-Q9/hhJa2836nQfEJSZTmr+pg9+cDJS9XEAp7N2Vg5MzL3bK/mkMVfjscRGYruP9jNda6MAdf4QD/y78gSzkp6A==}
    dependencies:
      multiformats: 9.9.0
    dev: false

  /uint8arrays@3.1.1:
    resolution: {integrity: sha512-+QJa8QRnbdXVpHYjLoTpJIdCTiw9Ir62nocClWuXIq2JIh4Uta0cQsTSpFL678p2CN8B+XSApwcU+pQEqVpKWg==}
    dependencies:
      multiformats: 9.9.0
    dev: false

  /uint8arrays@4.0.10:
    resolution: {integrity: sha512-AnJNUGGDJAgFw/eWu/Xb9zrVKEGlwJJCaeInlf3BkecE/zcTobk5YXYIPNQJO1q5Hh1QZrQQHf0JvcHqz2hqoA==}
    dependencies:
      multiformats: 12.1.3
    dev: false

  /undici-types@5.26.5:
    resolution: {integrity: sha512-JlCMO+ehdEIKqlFxk6IfVoAUVmgz7cU7zD/h9XZ0qzeosSHmUJVOzSQvvYSYWXkFXC+IfLKSIffhv0sVZup6pA==}
    dev: true

  /v8-compile-cache-lib@3.0.1:
    resolution: {integrity: sha512-wa7YjyUGfNZngI/vtK0UHAN+lgDCxBPCylVXGp0zu59Fz5aiGtNXaq3DhIov063MorB+VfufLh3JlF2KdTK3xg==}
    dev: true

  /varint@6.0.0:
    resolution: {integrity: sha512-cXEIW6cfr15lFv563k4GuVuW/fiwjknytD37jIOLSdSWuOI6WnO/oKwmP2FQTU2l01LP8/M5TSAJpzUaGe3uWg==}
    dev: false

  /yn@3.1.1:
    resolution: {integrity: sha512-Ux4ygGWsu2c7isFWe8Yu1YluJmqVhxqK2cLXNQA5AcC3QfbGNpM7fu0Y8b/z16pXLnFxZYvWhd3fhBY9DLmC6Q==}
    engines: {node: '>=6'}
    dev: true
